
Microsoft Visual Studio Solution File, Format Version 12.00
# Visual Studio 15
VisualStudioVersion = 15.0.26430.16
MinimumVisualStudioVersion = 10.0.40219.1
Project("{FAE04EC0-301F-11D3-BF4B-00C04F79EFBC}") = "Minesweeper", "Minesweeper\Minesweeper.csproj", "{89E899AE-F97E-4084-8CE0-32D5B42B0C6B}"
EndProject
Project("{FAE04EC0-301F-11D3-BF4B-00C04F79EFBC}") = "Data", "Data\Data.csproj", "{B2456937-23D7-427C-9114-913B9BFE475D}"
EndProject
Global
	GlobalSection(SolutionConfigurationPlatforms) = preSolution
		Debug|Any CPU = Debug|Any CPU
		Release|Any CPU = Release|Any CPU
	EndGlobalSection
	GlobalSection(ProjectConfigurationPlatforms) = postSolution
		{89E899AE-F97E-4084-8CE0-32D5B42B0C6B}.Debug|Any CPU.ActiveCfg = Debug|Any CPU
		{89E899AE-F97E-4084-8CE0-32D5B42B0C6B}.Debug|Any CPU.Build.0 = Debug|Any CPU
		{89E899AE-F97E-4084-8CE0-32D5B42B0C6B}.Release|Any CPU.ActiveCfg = Release|Any CPU
		{89E899AE-F97E-4084-8CE0-32D5B42B0C6B}.Release|Any CPU.Build.0 = Release|Any CPU
		{B2456937-23D7-427C-9114-913B9BFE475D}.Debug|Any CPU.ActiveCfg = Debug|Any CPU
		{B2456937-23D7-427C-9114-913B9BFE475D}.Debug|Any CPU.Build.0 = Debug|Any CPU
		{B2456937-23D7-427C-9114-913B9BFE475D}.Release|Any CPU.ActiveCfg = Release|Any CPU
		{B2456937-23D7-427C-9114-913B9BFE475D}.Release|Any CPU.Build.0 = Release|Any CPU
	EndGlobalSection
	GlobalSection(SolutionProperties) = preSolution
		HideSolutionNode = FALSE
	EndGlobalSection
EndGlobal
